
Microsoft Visual Studio Solution File, Format Version 12.00
# Visual Studio Version 17
VisualStudioVersion = 17.6.33829.357
MinimumVisualStudioVersion = 10.0.40219.1
Project("{FAE04EC0-301F-11D3-BF4B-00C04F79EFBC}") = "ConsoleApp1", "ConsoleApp1\ConsoleApp1.csproj", "{0BFCE31B-162C-4838-8922-A90C7FF9CC4E}"
EndProject
Project("{FAE04EC0-301F-11D3-BF4B-00C04F79EFBC}") = "NumberTextService", "NumberTextService\NumberTextService.csproj", "{7E7F24D1-4D48-41CF-ABC7-6B4C2BCE1A4D}"
EndProject
Project("{FAE04EC0-301F-11D3-BF4B-00C04F79EFBC}") = "NumberTextServiceTests", "NumberTextServiceTests\NumberTextServiceTests.csproj", "{077BA29D-9B3E-4B94-8F2E-3DE7CB3ACEE8}"
EndProject
Global
	GlobalSection(SolutionConfigurationPlatforms) = preSolution
		Debug|Any CPU = Debug|Any CPU
		Release|Any CPU = Release|Any CPU
	EndGlobalSection
	GlobalSection(ProjectConfigurationPlatforms) = postSolution
		{0BFCE31B-162C-4838-8922-A90C7FF9CC4E}.Debug|Any CPU.ActiveCfg = Debug|Any CPU
		{0BFCE31B-162C-4838-8922-A90C7FF9CC4E}.Debug|Any CPU.Build.0 = Debug|Any CPU
		{0BFCE31B-162C-4838-8922-A90C7FF9CC4E}.Release|Any CPU.ActiveCfg = Release|Any CPU
		{0BFCE31B-162C-4838-8922-A90C7FF9CC4E}.Release|Any CPU.Build.0 = Release|Any CPU
		{7E7F24D1-4D48-41CF-ABC7-6B4C2BCE1A4D}.Debug|Any CPU.ActiveCfg = Debug|Any CPU
		{7E7F24D1-4D48-41CF-ABC7-6B4C2BCE1A4D}.Debug|Any CPU.Build.0 = Debug|Any CPU
		{7E7F24D1-4D48-41CF-ABC7-6B4C2BCE1A4D}.Release|Any CPU.ActiveCfg = Release|Any CPU
		{7E7F24D1-4D48-41CF-ABC7-6B4C2BCE1A4D}.Release|Any CPU.Build.0 = Release|Any CPU
		{077BA29D-9B3E-4B94-8F2E-3DE7CB3ACEE8}.Debug|Any CPU.ActiveCfg = Debug|Any CPU
		{077BA29D-9B3E-4B94-8F2E-3DE7CB3ACEE8}.Debug|Any CPU.Build.0 = Debug|Any CPU
		{077BA29D-9B3E-4B94-8F2E-3DE7CB3ACEE8}.Release|Any CPU.ActiveCfg = Release|Any CPU
		{077BA29D-9B3E-4B94-8F2E-3DE7CB3ACEE8}.Release|Any CPU.Build.0 = Release|Any CPU
	EndGlobalSection
	GlobalSection(SolutionProperties) = preSolution
		HideSolutionNode = FALSE
	EndGlobalSection
	GlobalSection(ExtensibilityGlobals) = postSolution
		SolutionGuid = {89C4D890-35F4-495E-B75F-62022CCFF256}
	EndGlobalSection
EndGlobal
